<?xml version="1.0" encoding="utf-8"?>
<Project ToolsVersion="4.0" xmlns="http://schemas.microsoft.com/developer/msbuild/2003">
  <ItemGroup>
    <Filter Include="Source Files">
      <UniqueIdentifier>{4FC737F1-C7A5-4376-A066-2A32D752A2FF}</UniqueIdentifier>
      <Extensions>cpp;c;cc;cxx;def;odl;idl;hpj;bat;asm;asmx</Extensions>
    </Filter>
    <Filter Include="Header Files">
      <UniqueIdentifier>{93995380-89BD-4b04-88EB-625FBE52EBFB}</UniqueIdentifier>
      <Extensions>h;hh;hpp;hxx;hm;inl;inc;xsd</Extensions>
    </Filter>
    <Filter Include="Resource Files">
      <UniqueIdentifier>{67DA6AB6-F800-4c08-8B7A-83BB121AAD01}</UniqueIdentifier>
      <Extensions>rc;ico;cur;bmp;dlg;rc2;rct;bin;rgs;gif;jpg;jpeg;jpe;resx;tiff;tif;png;wav;mfcribbon-ms</Extensions>
    </Filter>
    <Filter Include="ZFXD3D">
      <UniqueIdentifier>{ae091052-6fdb-472b-ac95-9a5553469d28}</UniqueIdentifier>
    </Filter>
  </ItemGroup>
  <ItemGroup>
    <Text Include="ReadMe.txt" />
  </ItemGroup>
  <ItemGroup>
    <ClCompile Include="ZFXRenderer.cpp">
      <Filter>Source Files</Filter>
    </ClCompile>
    <ClCompile Include="ZFXD3D\ZFXD3D_enum.cpp">
      <Filter>ZFXD3D</Filter>
    </ClCompile>
    <ClCompile Include="ZFXD3D\ZFXD3D_init.cpp">
      <Filter>ZFXD3D</Filter>
    </ClCompile>
    <ClCompile Include="ZFXD3D\ZFXD3D_main.cpp">
      <Filter>ZFXD3D</Filter>
    </ClCompile>
    <ClCompile Include="ZFXD3D\ZFXD3D_skinmgr.cpp">
      <Filter>ZFXD3D</Filter>
    </ClCompile>
    <ClCompile Include="ZFXD3D\ZFXD3D_misc.cpp">
      <Filter>ZFXD3D</Filter>
    </ClCompile>
    <ClCompile Include="ZFXD3D\ZFXD3D_vcache.cpp">
      <Filter>ZFXD3D</Filter>
    </ClCompile>
  </ItemGroup>
  <ItemGroup>
    <ClInclude Include="ZFXRenderer.h">
      <Filter>Header Files</Filter>
    </ClInclude>
    <ClInclude Include="ZFXRenderDevice.h">
      <Filter>Header Files</Filter>
    </ClInclude>
    <ClInclude Include="ZFXD3D\resource.h">
      <Filter>ZFXD3D</Filter>
    </ClInclude>
    <ClInclude Include="ZFXD3D\ZFX.h">
      <Filter>ZFXD3D</Filter>
    </ClInclude>
    <ClInclude Include="ZFXD3D\ZFXD3D.h">
      <Filter>ZFXD3D</Filter>
    </ClInclude>
    <ClInclude Include="ZFXD3D\ZFXD3D_skinmgr.h">
      <Filter>ZFXD3D</Filter>
    </ClInclude>
    <ClInclude Include="ZFXD3D\ZFXD3D_vcache.h">
      <Filter>ZFXD3D</Filter>
    </ClInclude>
    <ClInclude Include="ZFX3D.h">
      <Filter>Header Files</Filter>
    </ClInclude>
  </ItemGroup>
  <ItemGroup>
    <ResourceCompile Include="ZFXD3D\dlgChangeDevice.rc">
      <Filter>ZFXD3D</Filter>
    </ResourceCompile>
  </ItemGroup>
  <ItemGroup>
    <None Include="ZFXD3D\ZFXD3D.def">
      <Filter>ZFXD3D</Filter>
    </None>
  </ItemGroup>
</Project>