
Microsoft Visual Studio Solution File, Format Version 12.00
# Visual Studio 2013
VisualStudioVersion = 12.0.30110.0
MinimumVisualStudioVersion = 10.0.40219.1
Project("{8BC9CEB8-8B4A-11D0-8D11-00A0C91BC942}") = "ZFXRenderer", "ZFXRenderer\ZFXRenderer.vcxproj", "{91421DA1-CF39-403E-ADB1-4A19961A5749}"
EndProject
Project("{8BC9CEB8-8B4A-11D0-8D11-00A0C91BC942}") = "RendererDemo", "RendererDemo\RendererDemo.vcxproj", "{2B2FD6F7-BE50-4DD9-9C4C-C5F39674EAF0}"
EndProject
Project("{8BC9CEB8-8B4A-11D0-8D11-00A0C91BC942}") = "ZFX3DMath", "ZFX3D\ZFX3D.vcxproj", "{60E22C5A-D6D3-4413-A607-85EA3478CF8F}"
EndProject
Project("{8BC9CEB8-8B4A-11D0-8D11-00A0C91BC942}") = "ZFXD3D", "ZFXRenderer\ZFXD3D\ZFXD3D.vcxproj", "{A63E73D0-E98B-4FF3-8A73-F0697F9C1706}"
EndProject
Project("{8BC9CEB8-8B4A-11D0-8D11-00A0C91BC942}") = "ShaderDemo", "ShaderDemo\ShaderDemo.vcxproj", "{8881D7C3-1532-4483-B708-34EE4F592692}"
EndProject
Project("{8BC9CEB8-8B4A-11D0-8D11-00A0C91BC942}") = "ZFX3DModel", "ZFX3DModel\ZFX3DModel.vcxproj", "{56525658-916B-4349-8CF1-A6897348837B}"
EndProject
Global
	GlobalSection(SolutionConfigurationPlatforms) = preSolution
		Debug|Win32 = Debug|Win32
		Debug|x64 = Debug|x64
		Release|Win32 = Release|Win32
		Release|x64 = Release|x64
	EndGlobalSection
	GlobalSection(ProjectConfigurationPlatforms) = postSolution
		{91421DA1-CF39-403E-ADB1-4A19961A5749}.Debug|Win32.ActiveCfg = Debug|Win32
		{91421DA1-CF39-403E-ADB1-4A19961A5749}.Debug|Win32.Build.0 = Debug|Win32
		{91421DA1-CF39-403E-ADB1-4A19961A5749}.Debug|x64.ActiveCfg = Debug|x64
		{91421DA1-CF39-403E-ADB1-4A19961A5749}.Debug|x64.Build.0 = Debug|x64
		{91421DA1-CF39-403E-ADB1-4A19961A5749}.Release|Win32.ActiveCfg = Release|Win32
		{91421DA1-CF39-403E-ADB1-4A19961A5749}.Release|Win32.Build.0 = Release|Win32
		{91421DA1-CF39-403E-ADB1-4A19961A5749}.Release|x64.ActiveCfg = Release|x64
		{91421DA1-CF39-403E-ADB1-4A19961A5749}.Release|x64.Build.0 = Release|x64
		{2B2FD6F7-BE50-4DD9-9C4C-C5F39674EAF0}.Debug|Win32.ActiveCfg = Debug|Win32
		{2B2FD6F7-BE50-4DD9-9C4C-C5F39674EAF0}.Debug|Win32.Build.0 = Debug|Win32
		{2B2FD6F7-BE50-4DD9-9C4C-C5F39674EAF0}.Debug|x64.ActiveCfg = Debug|Win32
		{2B2FD6F7-BE50-4DD9-9C4C-C5F39674EAF0}.Release|Win32.ActiveCfg = Release|Win32
		{2B2FD6F7-BE50-4DD9-9C4C-C5F39674EAF0}.Release|Win32.Build.0 = Release|Win32
		{2B2FD6F7-BE50-4DD9-9C4C-C5F39674EAF0}.Release|x64.ActiveCfg = Release|Win32
		{60E22C5A-D6D3-4413-A607-85EA3478CF8F}.Debug|Win32.ActiveCfg = Debug|Win32
		{60E22C5A-D6D3-4413-A607-85EA3478CF8F}.Debug|Win32.Build.0 = Debug|Win32
		{60E22C5A-D6D3-4413-A607-85EA3478CF8F}.Debug|x64.ActiveCfg = Debug|Win32
		{60E22C5A-D6D3-4413-A607-85EA3478CF8F}.Release|Win32.ActiveCfg = Release|Win32
		{60E22C5A-D6D3-4413-A607-85EA3478CF8F}.Release|Win32.Build.0 = Release|Win32
		{60E22C5A-D6D3-4413-A607-85EA3478CF8F}.Release|x64.ActiveCfg = Release|Win32
		{A63E73D0-E98B-4FF3-8A73-F0697F9C1706}.Debug|Win32.ActiveCfg = Debug|Win32
		{A63E73D0-E98B-4FF3-8A73-F0697F9C1706}.Debug|Win32.Build.0 = Debug|Win32
		{A63E73D0-E98B-4FF3-8A73-F0697F9C1706}.Debug|x64.ActiveCfg = Debug|Win32
		{A63E73D0-E98B-4FF3-8A73-F0697F9C1706}.Release|Win32.ActiveCfg = Release|Win32
		{A63E73D0-E98B-4FF3-8A73-F0697F9C1706}.Release|Win32.Build.0 = Release|Win32
		{A63E73D0-E98B-4FF3-8A73-F0697F9C1706}.Release|x64.ActiveCfg = Release|Win32
		{8881D7C3-1532-4483-B708-34EE4F592692}.Debug|Win32.ActiveCfg = Debug|Win32
		{8881D7C3-1532-4483-B708-34EE4F592692}.Debug|Win32.Build.0 = Debug|Win32
		{8881D7C3-1532-4483-B708-34EE4F592692}.Debug|x64.ActiveCfg = Debug|Win32
		{8881D7C3-1532-4483-B708-34EE4F592692}.Release|Win32.ActiveCfg = Release|Win32
		{8881D7C3-1532-4483-B708-34EE4F592692}.Release|Win32.Build.0 = Release|Win32
		{8881D7C3-1532-4483-B708-34EE4F592692}.Release|x64.ActiveCfg = Release|Win32
		{56525658-916B-4349-8CF1-A6897348837B}.Debug|Win32.ActiveCfg = Debug|Win32
		{56525658-916B-4349-8CF1-A6897348837B}.Debug|Win32.Build.0 = Debug|Win32
		{56525658-916B-4349-8CF1-A6897348837B}.Debug|x64.ActiveCfg = Debug|Win32
		{56525658-916B-4349-8CF1-A6897348837B}.Release|Win32.ActiveCfg = Release|Win32
		{56525658-916B-4349-8CF1-A6897348837B}.Release|Win32.Build.0 = Release|Win32
		{56525658-916B-4349-8CF1-A6897348837B}.Release|x64.ActiveCfg = Release|Win32
	EndGlobalSection
	GlobalSection(SolutionProperties) = preSolution
		HideSolutionNode = FALSE
	EndGlobalSection
EndGlobal
